{
  "name": "uba-driver",
  "version": "1.0.0",
  "lockfileVersion": 1,
  "requires": true,
  "dependencies": {
    "countup.js": {
      "version": "1.9.3",
      "resolved": "https://registry.npmjs.org/countup.js/-/countup.js-1.9.3.tgz",
      "integrity": "sha1-zj5QzXFgRB5HjwfaMYle3MDxyd0="
    },
    "vue-countup-v2": {
      "version": "0.1.2",
      "resolved": "https://registry.npmjs.org/vue-countup-v2/-/vue-countup-v2-0.1.2.tgz",
      "integrity": "sha1-yjt7emyeKTFk9PbjEwxRchVIzY4=",
      "requires": {
        "countup.js": "1.9.3",
        "vue": "2.5.8"
      },
      "dependencies": {
        "vue": {
          "version": "2.5.8",
          "resolved": "https://registry.npmjs.org/vue/-/vue-2.5.8.tgz",
          "integrity": "sha512-aY26SGDHJTCKM+mndzuiQ0dozPpNeWO5Mtq760OrHO0AOiqVHMhzvU5h0LdCkVF9A+vE+DMTm74xSi+sxnMEDg=="
        }
      }
    }
  }
}
